{
  "name": "@localkeys/cli",
  "version": "0.1.2",
  "lockfileVersion": 3,
  "requires": true,
  "packages": {
    "": {
      "name": "@localkeys/cli",
      "version": "0.1.2",
      "license": "MIT",
      "dependencies": {
        "@napi-rs/keyring": "1.1.0",
        "chalk": "^5.3.0",
        "commander": "^11.1.0",
        "conf": "^12.0.0",
        "dotenv": "^16.3.1",
        "inquirer": "^9.2.12",
        "ora": "^7.0.1"
      },
      "bin": {
        "localkeys": "dist/cli.js"
      },
      "devDependencies": {
        "@types/inquirer": "^9.0.7",
        "@vitest/coverage-v8": "^1.2.1",
        "tsup": "^8.0.1",
        "tsx": "^4.7.0",
        "typescript": "^5.3.3",
        "vitest": "^1.2.1",
        "zod": "^4.1.12"
      },
      "engines": {
        "node": ">=18.0.0"
      }
    },
    "../../node_modules/.pnpm/@napi-rs+keyring@1.1.0/node_modules/@napi-rs/keyring": {
      "version": "1.1.0",
      "license": "MIT",
      "devDependencies": {
        "@napi-rs/cli": "^2.14.6",
        "@swc-node/register": "^1.5.5",
        "@swc/core": "^1.3.32",
        "@taplo/cli": "^0.5.2",
        "@typescript-eslint/eslint-plugin": "^5.50.0",
        "@typescript-eslint/parser": "^5.50.0",
        "ava": "^5.1.1",
        "benny": "^3.7.1",
        "chalk": "^5.2.0",
        "eslint": "^8.33.0",
        "eslint-config-prettier": "^8.6.0",
        "eslint-plugin-import": "^2.27.5",
        "eslint-plugin-prettier": "^4.2.1",
        "husky": "^8.0.3",
        "lint-staged": "^13.1.0",
        "npm-run-all": "^4.1.5",
        "prettier": "^2.8.3",
        "typescript": "^4.9.5"
      },
      "engines": {
        "node": ">= 10"
      },
      "optionalDependencies": {
        "@napi-rs/keyring-darwin-arm64": "1.1.0",
        "@napi-rs/keyring-darwin-x64": "1.1.0",
        "@napi-rs/keyring-freebsd-x64": "1.1.0",
        "@napi-rs/keyring-linux-arm-gnueabihf": "1.1.0",
        "@napi-rs/keyring-linux-arm64-gnu": "1.1.0",
        "@napi-rs/keyring-linux-arm64-musl": "1.1.0",
        "@napi-rs/keyring-linux-x64-gnu": "1.1.0",
        "@napi-rs/keyring-linux-x64-musl": "1.1.0",
        "@napi-rs/keyring-win32-arm64-msvc": "1.1.0",
        "@napi-rs/keyring-win32-ia32-msvc": "1.1.0",
        "@napi-rs/keyring-win32-x64-msvc": "1.1.0"
      }
    },
    "../../node_modules/.pnpm/@types+inquirer@9.0.9/node_modules/@types/inquirer": {
      "version": "9.0.9",
      "dev": true,
      "license": "MIT",
      "dependencies": {
        "@types/through": "*",
        "rxjs": "^7.2.0"
      }
    },
    "../../node_modules/.pnpm/@vitest+coverage-v8@1.6.1_vitest@1.6.1/node_modules/@vitest/coverage-v8": {
      "version": "1.6.1",
      "dev": true,
      "license": "MIT",
      "dependencies": {
        "@ampproject/remapping": "^2.2.1",
        "@bcoe/v8-coverage": "^0.2.3",
        "debug": "^4.3.4",
        "istanbul-lib-coverage": "^3.2.2",
        "istanbul-lib-report": "^3.0.1",
        "istanbul-lib-source-maps": "^5.0.4",
        "istanbul-reports": "^3.1.6",
        "magic-string": "^0.30.5",
        "magicast": "^0.3.3",
        "picocolors": "^1.0.0",
        "std-env": "^3.5.0",
        "strip-literal": "^2.0.0",
        "test-exclude": "^6.0.0"
      },
      "devDependencies": {
        "@types/debug": "^4.1.12",
        "@types/istanbul-lib-coverage": "^2.0.6",
        "@types/istanbul-lib-report": "^3.0.3",
        "@types/istanbul-lib-source-maps": "^4.0.4",
        "@types/istanbul-reports": "^3.0.4",
        "pathe": "^1.1.1",
        "v8-to-istanbul": "^9.2.0",
        "vite-node": "1.6.1",
        "vitest": "1.6.1"
      },
      "funding": {
        "url": "https://opencollective.com/vitest"
      },
      "peerDependencies": {
        "vitest": "1.6.1"
      }
    },
    "../../node_modules/.pnpm/chalk@5.6.2/node_modules/chalk": {
      "version": "5.6.2",
      "license": "MIT",
      "devDependencies": {
        "@types/node": "^16.11.10",
        "ava": "^3.15.0",
        "c8": "^7.10.0",
        "color-convert": "^2.0.1",
        "execa": "^6.0.0",
        "log-update": "^5.0.0",
        "matcha": "^0.7.0",
        "tsd": "^0.19.0",
        "xo": "^0.57.0",
        "yoctodelay": "^2.0.0"
      },
      "engines": {
        "node": "^12.17.0 || ^14.13 || >=16.0.0"
      },
      "funding": {
        "url": "https://github.com/chalk/chalk?sponsor=1"
      }
    },
    "../../node_modules/.pnpm/commander@11.1.0/node_modules/commander": {
      "version": "11.1.0",
      "license": "MIT",
      "devDependencies": {
        "@types/jest": "^29.2.4",
        "@types/node": "^20.2.5",
        "@typescript-eslint/eslint-plugin": "^5.47.1",
        "@typescript-eslint/parser": "^5.47.1",
        "eslint": "^8.30.0",
        "eslint-config-standard": "^17.0.0",
        "eslint-config-standard-with-typescript": "^33.0.0",
        "eslint-plugin-import": "^2.26.0",
        "eslint-plugin-jest": "^27.1.7",
        "eslint-plugin-n": "^15.6.0",
        "eslint-plugin-promise": "^6.1.1",
        "jest": "^29.3.1",
        "ts-jest": "^29.0.3",
        "tsd": "^0.28.1",
        "typescript": "^5.0.4"
      },
      "engines": {
        "node": ">=16"
      }
    },
    "../../node_modules/.pnpm/conf@12.0.0/node_modules/conf": {
      "version": "12.0.0",
      "license": "MIT",
      "dependencies": {
        "ajv": "^8.12.0",
        "ajv-formats": "^2.1.1",
        "atomically": "^2.0.2",
        "debounce-fn": "^5.1.2",
        "dot-prop": "^8.0.2",
        "env-paths": "^3.0.0",
        "json-schema-typed": "^8.0.1",
        "semver": "^7.5.4",
        "uint8array-extras": "^0.3.0"
      },
      "devDependencies": {
        "@sindresorhus/tsconfig": "^5.0.0",
        "@types/node": "^20.8.8",
        "@types/semver": "^7.5.4",
        "ava": "^5.3.1",
        "del": "^7.1.0",
        "del-cli": "^5.1.0",
        "delay": "^6.0.0",
        "p-event": "^6.0.0",
        "tempy": "^3.1.0",
        "ts-node": "^10.9.1",
        "tsd": "^0.29.0",
        "typescript": "^5.2.2",
        "xo": "^0.56.0"
      },
      "engines": {
        "node": ">=18"
      },
      "funding": {
        "url": "https://github.com/sponsors/sindresorhus"
      }
    },
    "../../node_modules/.pnpm/dotenv@16.6.1/node_modules/dotenv": {
      "version": "16.6.1",
      "license": "BSD-2-Clause",
      "devDependencies": {
        "@types/node": "^18.11.3",
        "decache": "^4.6.2",
        "sinon": "^14.0.1",
        "standard": "^17.0.0",
        "standard-version": "^9.5.0",
        "tap": "^19.2.0",
        "typescript": "^4.8.4"
      },
      "engines": {
        "node": ">=12"
      },
      "funding": {
        "url": "https://dotenvx.com"
      }
    },
    "../../node_modules/.pnpm/inquirer@9.3.8_@types+node@20.19.22/node_modules/inquirer": {
      "version": "9.3.8",
      "license": "MIT",
      "dependencies": {
        "@inquirer/external-editor": "^1.0.2",
        "@inquirer/figures": "^1.0.3",
        "ansi-escapes": "^4.3.2",
        "cli-width": "^4.1.0",
        "mute-stream": "1.0.0",
        "ora": "^5.4.1",
        "run-async": "^3.0.0",
        "rxjs": "^7.8.1",
        "string-width": "^4.2.3",
        "strip-ansi": "^6.0.1",
        "wrap-ansi": "^6.2.0",
        "yoctocolors-cjs": "^2.1.2"
      },
      "devDependencies": {
        "terminal-link": "^3.0.0"
      },
      "engines": {
        "node": ">=18"
      }
    },
    "../../node_modules/.pnpm/ora@7.0.1/node_modules/ora": {
      "version": "7.0.1",
      "license": "MIT",
      "dependencies": {
        "chalk": "^5.3.0",
        "cli-cursor": "^4.0.0",
        "cli-spinners": "^2.9.0",
        "is-interactive": "^2.0.0",
        "is-unicode-supported": "^1.3.0",
        "log-symbols": "^5.1.0",
        "stdin-discarder": "^0.1.0",
        "string-width": "^6.1.0",
        "strip-ansi": "^7.1.0"
      },
      "devDependencies": {
        "@types/node": "^20.4.5",
        "ava": "^5.3.1",
        "get-stream": "^7.0.1",
        "transform-tty": "^1.0.11",
        "tsd": "^0.28.1",
        "xo": "^0.55.0"
      },
      "engines": {
        "node": ">=16"
      },
      "funding": {
        "url": "https://github.com/sponsors/sindresorhus"
      }
    },
    "../../node_modules/.pnpm/tsup@8.5.0_tsx@4.20.6_typescript@5.9.3/node_modules/tsup": {
      "version": "8.5.0",
      "dev": true,
      "license": "MIT",
      "dependencies": {
        "bundle-require": "^5.1.0",
        "cac": "^6.7.14",
        "chokidar": "^4.0.3",
        "consola": "^3.4.0",
        "debug": "^4.4.0",
        "esbuild": "^0.25.0",
        "fix-dts-default-cjs-exports": "^1.0.0",
        "joycon": "^3.1.1",
        "picocolors": "^1.1.1",
        "postcss-load-config": "^6.0.1",
        "resolve-from": "^5.0.0",
        "rollup": "^4.34.8",
        "source-map": "0.8.0-beta.0",
        "sucrase": "^3.35.0",
        "tinyexec": "^0.3.2",
        "tinyglobby": "^0.2.11",
        "tree-kill": "^1.2.2"
      },
      "bin": {
        "tsup": "dist/cli-default.js",
        "tsup-node": "dist/cli-node.js"
      },
      "devDependencies": {
        "@microsoft/api-extractor": "^7.50.0",
        "@rollup/plugin-json": "6.1.0",
        "@swc/core": "1.10.18",
        "@types/debug": "4.1.12",
        "@types/node": "22.13.4",
        "@types/resolve": "1.20.6",
        "bumpp": "^10.0.3",
        "flat": "6.0.1",
        "postcss": "8.5.2",
        "postcss-simple-vars": "7.0.1",
        "prettier": "3.5.1",
        "resolve": "1.22.10",
        "rollup-plugin-dts": "6.1.1",
        "sass": "1.85.0",
        "strip-json-comments": "5.0.1",
        "svelte": "5.19.9",
        "svelte-preprocess": "6.0.3",
        "terser": "^5.39.0",
        "ts-essentials": "10.0.4",
        "tsup": "8.3.6",
        "typescript": "5.7.3",
        "vitest": "3.0.6",
        "wait-for-expect": "3.0.2"
      },
      "engines": {
        "node": ">=18"
      },
      "peerDependencies": {
        "@microsoft/api-extractor": "^7.36.0",
        "@swc/core": "^1",
        "postcss": "^8.4.12",
        "typescript": ">=4.5.0"
      },
      "peerDependenciesMeta": {
        "@microsoft/api-extractor": {
          "optional": true
        },
        "@swc/core": {
          "optional": true
        },
        "postcss": {
          "optional": true
        },
        "typescript": {
          "optional": true
        }
      }
    },
    "../../node_modules/.pnpm/tsx@4.20.6/node_modules/tsx": {
      "version": "4.20.6",
      "dev": true,
      "license": "MIT",
      "dependencies": {
        "esbuild": "~0.25.0",
        "get-tsconfig": "^4.7.5"
      },
      "bin": {
        "tsx": "dist/cli.mjs"
      },
      "engines": {
        "node": ">=18.0.0"
      },
      "optionalDependencies": {
        "fsevents": "~2.3.3"
      }
    },
    "../../node_modules/.pnpm/typescript@5.9.3/node_modules/typescript": {
      "version": "5.9.3",
      "dev": true,
      "license": "Apache-2.0",
      "bin": {
        "tsc": "bin/tsc",
        "tsserver": "bin/tsserver"
      },
      "devDependencies": {
        "@dprint/formatter": "^0.4.1",
        "@dprint/typescript": "0.93.4",
        "@esfx/canceltoken": "^1.0.0",
        "@eslint/js": "^9.20.0",
        "@octokit/rest": "^21.1.1",
        "@types/chai": "^4.3.20",
        "@types/diff": "^7.0.1",
        "@types/minimist": "^1.2.5",
        "@types/mocha": "^10.0.10",
        "@types/ms": "^0.7.34",
        "@types/node": "latest",
        "@types/source-map-support": "^0.5.10",
        "@types/which": "^3.0.4",
        "@typescript-eslint/rule-tester": "^8.24.1",
        "@typescript-eslint/type-utils": "^8.24.1",
        "@typescript-eslint/utils": "^8.24.1",
        "azure-devops-node-api": "^14.1.0",
        "c8": "^10.1.3",
        "chai": "^4.5.0",
        "chokidar": "^4.0.3",
        "diff": "^7.0.0",
        "dprint": "^0.49.0",
        "esbuild": "^0.25.0",
        "eslint": "^9.20.1",
        "eslint-formatter-autolinkable-stylish": "^1.4.0",
        "eslint-plugin-regexp": "^2.7.0",
        "fast-xml-parser": "^4.5.2",
        "glob": "^10.4.5",
        "globals": "^15.15.0",
        "hereby": "^1.10.0",
        "jsonc-parser": "^3.3.1",
        "knip": "^5.44.4",
        "minimist": "^1.2.8",
        "mocha": "^10.8.2",
        "mocha-fivemat-progress-reporter": "^0.1.0",
        "monocart-coverage-reports": "^2.12.1",
        "ms": "^2.1.3",
        "picocolors": "^1.1.1",
        "playwright": "^1.50.1",
        "source-map-support": "^0.5.21",
        "tslib": "^2.8.1",
        "typescript": "^5.7.3",
        "typescript-eslint": "^8.24.1",
        "which": "^3.0.1"
      },
      "engines": {
        "node": ">=14.17"
      }
    },
    "../../node_modules/.pnpm/vitest@1.6.1_@types+node@20.19.22/node_modules/vitest": {
      "version": "1.6.1",
      "dev": true,
      "license": "MIT",
      "dependencies": {
        "@vitest/expect": "1.6.1",
        "@vitest/runner": "1.6.1",
        "@vitest/snapshot": "1.6.1",
        "@vitest/spy": "1.6.1",
        "@vitest/utils": "1.6.1",
        "acorn-walk": "^8.3.2",
        "chai": "^4.3.10",
        "debug": "^4.3.4",
        "execa": "^8.0.1",
        "local-pkg": "^0.5.0",
        "magic-string": "^0.30.5",
        "pathe": "^1.1.1",
        "picocolors": "^1.0.0",
        "std-env": "^3.5.0",
        "strip-literal": "^2.0.0",
        "tinybench": "^2.5.1",
        "tinypool": "^0.8.3",
        "vite": "^5.0.0",
        "vite-node": "1.6.1",
        "why-is-node-running": "^2.2.2"
      },
      "bin": {
        "vitest": "vitest.mjs"
      },
      "devDependencies": {
        "@ampproject/remapping": "^2.2.1",
        "@antfu/install-pkg": "^0.3.1",
        "@edge-runtime/vm": "^3.1.8",
        "@sinonjs/fake-timers": "11.1.0",
        "@types/estree": "^1.0.5",
        "@types/istanbul-lib-coverage": "^2.0.6",
        "@types/istanbul-reports": "^3.0.4",
        "@types/jsdom": "^21.1.6",
        "@types/micromatch": "^4.0.6",
        "@types/node": "^20.11.5",
        "@types/prompts": "^2.4.9",
        "@types/sinonjs__fake-timers": "^8.1.5",
        "birpc": "0.2.15",
        "cac": "^6.7.14",
        "chai-subset": "^1.6.0",
        "cli-truncate": "^4.0.0",
        "expect-type": "^0.17.3",
        "fast-glob": "^3.3.2",
        "find-up": "^6.3.0",
        "flatted": "^3.2.9",
        "get-tsconfig": "^4.7.3",
        "happy-dom": "^14.3.10",
        "jsdom": "^24.0.0",
        "log-update": "^5.0.1",
        "micromatch": "^4.0.5",
        "p-limit": "^5.0.0",
        "pretty-format": "^29.7.0",
        "prompts": "^2.4.2",
        "strip-ansi": "^7.1.0",
        "ws": "^8.14.2"
      },
      "engines": {
        "node": "^18.0.0 || >=20.0.0"
      },
      "funding": {
        "url": "https://opencollective.com/vitest"
      },
      "peerDependencies": {
        "@edge-runtime/vm": "*",
        "@types/node": "^18.0.0 || >=20.0.0",
        "@vitest/browser": "1.6.1",
        "@vitest/ui": "1.6.1",
        "happy-dom": "*",
        "jsdom": "*"
      },
      "peerDependenciesMeta": {
        "@edge-runtime/vm": {
          "optional": true
        },
        "@types/node": {
          "optional": true
        },
        "@vitest/browser": {
          "optional": true
        },
        "@vitest/ui": {
          "optional": true
        },
        "happy-dom": {
          "optional": true
        },
        "jsdom": {
          "optional": true
        }
      }
    },
    "../../node_modules/.pnpm/zod@4.1.12/node_modules/zod": {
      "version": "4.1.12",
      "dev": true,
      "license": "MIT",
      "funding": {
        "url": "https://github.com/sponsors/colinhacks"
      }
    },
    "node_modules/@napi-rs/keyring": {
      "resolved": "../../node_modules/.pnpm/@napi-rs+keyring@1.1.0/node_modules/@napi-rs/keyring",
      "link": true
    },
    "node_modules/@types/inquirer": {
      "resolved": "../../node_modules/.pnpm/@types+inquirer@9.0.9/node_modules/@types/inquirer",
      "link": true
    },
    "node_modules/@vitest/coverage-v8": {
      "resolved": "../../node_modules/.pnpm/@vitest+coverage-v8@1.6.1_vitest@1.6.1/node_modules/@vitest/coverage-v8",
      "link": true
    },
    "node_modules/chalk": {
      "resolved": "../../node_modules/.pnpm/chalk@5.6.2/node_modules/chalk",
      "link": true
    },
    "node_modules/commander": {
      "resolved": "../../node_modules/.pnpm/commander@11.1.0/node_modules/commander",
      "link": true
    },
    "node_modules/conf": {
      "resolved": "../../node_modules/.pnpm/conf@12.0.0/node_modules/conf",
      "link": true
    },
    "node_modules/dotenv": {
      "resolved": "../../node_modules/.pnpm/dotenv@16.6.1/node_modules/dotenv",
      "link": true
    },
    "node_modules/inquirer": {
      "resolved": "../../node_modules/.pnpm/inquirer@9.3.8_@types+node@20.19.22/node_modules/inquirer",
      "link": true
    },
    "node_modules/ora": {
      "resolved": "../../node_modules/.pnpm/ora@7.0.1/node_modules/ora",
      "link": true
    },
    "node_modules/tsup": {
      "resolved": "../../node_modules/.pnpm/tsup@8.5.0_tsx@4.20.6_typescript@5.9.3/node_modules/tsup",
      "link": true
    },
    "node_modules/tsx": {
      "resolved": "../../node_modules/.pnpm/tsx@4.20.6/node_modules/tsx",
      "link": true
    },
    "node_modules/typescript": {
      "resolved": "../../node_modules/.pnpm/typescript@5.9.3/node_modules/typescript",
      "link": true
    },
    "node_modules/vitest": {
      "resolved": "../../node_modules/.pnpm/vitest@1.6.1_@types+node@20.19.22/node_modules/vitest",
      "link": true
    },
    "node_modules/zod": {
      "resolved": "../../node_modules/.pnpm/zod@4.1.12/node_modules/zod",
      "link": true
    }
  }
}
